
Microsoft Visual Studio Solution File, Format Version 12.00
# Visual Studio 2013
VisualStudioVersion = 12.0.31101.0
MinimumVisualStudioVersion = 10.0.40219.1
Project("{FAE04EC0-301F-11D3-BF4B-00C04F79EFBC}") = "DataEntry", "DataEntry\DataEntry.csproj", "{C64724BF-4951-46F4-9579-82AA042F5649}"
EndProject
Global
	GlobalSection(SolutionConfigurationPlatforms) = preSolution
		Debug|Any CPU = Debug|Any CPU
		Release|Any CPU = Release|Any CPU
	EndGlobalSection
	GlobalSection(ProjectConfigurationPlatforms) = postSolution
		{C64724BF-4951-46F4-9579-82AA042F5649}.Debug|Any CPU.ActiveCfg = Debug|Any CPU
		{C64724BF-4951-46F4-9579-82AA042F5649}.Debug|Any CPU.Build.0 = Debug|Any CPU
		{C64724BF-4951-46F4-9579-82AA042F5649}.Release|Any CPU.ActiveCfg = Release|Any CPU
		{C64724BF-4951-46F4-9579-82AA042F5649}.Release|Any CPU.Build.0 = Release|Any CPU
	EndGlobalSection
	GlobalSection(SolutionProperties) = preSolution
		HideSolutionNode = FALSE
	EndGlobalSection
EndGlobal
